// !$*UTF8*$!
{
	archiveVersion = 1;
	classes = {
	};
	objectVersion = 48;
	objects = {

/* Begin PBXBuildFile section */
		1188A222208055B200AB4B73 /* AppDelegate.m in Sources */ = {isa = PBXBuildFile; fileRef = 1188A221208055B200AB4B73 /* AppDelegate.m */; };
		1188A225208055B200AB4B73 /* ViewController.m in Sources */ = {isa = PBXBuildFile; fileRef = 1188A224208055B200AB4B73 /* ViewController.m */; };
		1188A228208055B200AB4B73 /* Main.storyboard in Resources */ = {isa = PBXBuildFile; fileRef = 1188A226208055B200AB4B73 /* Main.storyboard */; };
		1188A22A208055B200AB4B73 /* Assets.xcassets in Resources */ = {isa = PBXBuildFile; fileRef = 1188A229208055B200AB4B73 /* Assets.xcassets */; };
		1188A22D208055B200AB4B73 /* LaunchScreen.storyboard in Resources */ = {isa = PBXBuildFile; fileRef = 1188A22B208055B200AB4B73 /* LaunchScreen.storyboard */; };
		1188A230208055B200AB4B73 /* main.m in Sources */ = {isa = PBXBuildFile; fileRef = 1188A22F208055B200AB4B73 /* main.m */; };
		1188A23A208055B200AB4B73 /* LDHAutoLayoutTests.m in Sources */ = {isa = PBXBuildFile; fileRef = 1188A239208055B200AB4B73 /* LDHAutoLayoutTests.m */; };
		1188A245208055B200AB4B73 /* LDHAutoLayoutUITests.m in Sources */ = {isa = PBXBuildFile; fileRef = 1188A244208055B200AB4B73 /* LDHAutoLayoutUITests.m */; };
		1188A26D20807F5400AB4B73 /* NSLayoutConstraint+MASDebugAdditions.m in Sources */ = {isa = PBXBuildFile; fileRef = 1188A25420807F5400AB4B73 /* NSLayoutConstraint+MASDebugAdditions.m */; };
		1188A26E20807F5400AB4B73 /* ViewController+MASAdditions.m in Sources */ = {isa = PBXBuildFile; fileRef = 1188A25D20807F5400AB4B73 /* ViewController+MASAdditions.m */; };
		1188A26F20807F5400AB4B73 /* MASCompositeConstraint.m in Sources */ = {isa = PBXBuildFile; fileRef = 1188A26120807F5400AB4B73 /* MASCompositeConstraint.m */; };
		1188A27020807F5400AB4B73 /* MASConstraintMaker.m in Sources */ = {isa = PBXBuildFile; fileRef = 1188A26220807F5400AB4B73 /* MASConstraintMaker.m */; };
		1188A27120807F5400AB4B73 /* MASLayoutConstraint.m in Sources */ = {isa = PBXBuildFile; fileRef = 1188A26320807F5400AB4B73 /* MASLayoutConstraint.m */; };
		1188A27220807F5400AB4B73 /* NSArray+MASAdditions.m in Sources */ = {isa = PBXBuildFile; fileRef = 1188A26420807F5400AB4B73 /* NSArray+MASAdditions.m */; };
		1188A27320807F5400AB4B73 /* View+MASAdditions.m in Sources */ = {isa = PBXBuildFile; fileRef = 1188A26520807F5400AB4B73 /* View+MASAdditions.m */; };
		1188A27420807F5400AB4B73 /* MASConstraint.m in Sources */ = {isa = PBXBuildFile; fileRef = 1188A26820807F5400AB4B73 /* MASConstraint.m */; };
		1188A27520807F5400AB4B73 /* MASViewConstraint.m in Sources */ = {isa = PBXBuildFile; fileRef = 1188A26A20807F5400AB4B73 /* MASViewConstraint.m */; };
		1188A27620807F5400AB4B73 /* MASViewAttribute.m in Sources */ = {isa = PBXBuildFile; fileRef = 1188A26B20807F5400AB4B73 /* MASViewAttribute.m */; };
/* End PBXBuildFile section */

/* Begin PBXContainerItemProxy section */
		1188A236208055B200AB4B73 /* PBXContainerItemProxy */ = {
			isa = PBXContainerItemProxy;
			containerPortal = 1188A215208055B200AB4B73 /* Project object */;
			proxyType = 1;
			remoteGlobalIDString = 1188A21C208055B200AB4B73;
			remoteInfo = LDHAutoLayout;
		};
		1188A241208055B200AB4B73 /* PBXContainerItemProxy */ = {
			isa = PBXContainerItemProxy;
			containerPortal = 1188A215208055B200AB4B73 /* Project object */;
			proxyType = 1;
			remoteGlobalIDString = 1188A21C208055B200AB4B73;
			remoteInfo = LDHAutoLayout;
		};
/* End PBXContainerItemProxy section */

/* Begin PBXFileReference section */
		1188A21D208055B200AB4B73 /* LDHAutoLayout.app */ = {isa = PBXFileReference; explicitFileType = wrapper.application; includeInIndex = 0; path = LDHAutoLayout.app; sourceTree = BUILT_PRODUCTS_DIR; };
		1188A220208055B200AB4B73 /* AppDelegate.h */ = {isa = PBXFileReference; lastKnownFileType = sourcecode.c.h; path = AppDelegate.h; sourceTree = "<group>"; };
		1188A221208055B200AB4B73 /* AppDelegate.m */ = {isa = PBXFileReference; lastKnownFileType = sourcecode.c.objc; path = AppDelegate.m; sourceTree = "<group>"; };
		1188A223208055B200AB4B73 /* ViewController.h */ = {isa = PBXFileReference; lastKnownFileType = sourcecode.c.h; path = ViewController.h; sourceTree = "<group>"; };
		1188A224208055B200AB4B73 /* ViewController.m */ = {isa = PBXFileReference; lastKnownFileType = sourcecode.c.objc; path = ViewController.m; sourceTree = "<group>"; };
		1188A227208055B200AB4B73 /* Base */ = {isa = PBXFileReference; lastKnownFileType = file.storyboard; name = Base; path = Base.lproj/Main.storyboard; sourceTree = "<group>"; };
		1188A229208055B200AB4B73 /* Assets.xcassets */ = {isa = PBXFileReference; lastKnownFileType = folder.assetcatalog; path = Assets.xcassets; sourceTree = "<group>"; };
		1188A22C208055B200AB4B73 /* Base */ = {isa = PBXFileReference; lastKnownFileType = file.storyboard; name = Base; path = Base.lproj/LaunchScreen.storyboard; sourceTree = "<group>"; };
		1188A22E208055B200AB4B73 /* Info.plist */ = {isa = PBXFileReference; lastKnownFileType = text.plist.xml; path = Info.plist; sourceTree = "<group>"; };
		1188A22F208055B200AB4B73 /* main.m */ = {isa = PBXFileReference; lastKnownFileType = sourcecode.c.objc; path = main.m; sourceTree = "<group>"; };
		1188A235208055B200AB4B73 /* LDHAutoLayoutTests.xctest */ = {isa = PBXFileReference; explicitFileType = wrapper.cfbundle; includeInIndex = 0; path = LDHAutoLayoutTests.xctest; sourceTree = BUILT_PRODUCTS_DIR; };
		1188A239208055B200AB4B73 /* LDHAutoLayoutTests.m */ = {isa = PBXFileReference; lastKnownFileType = sourcecode.c.objc; path = LDHAutoLayoutTests.m; sourceTree = "<group>"; };
		1188A23B208055B200AB4B73 /* Info.plist */ = {isa = PBXFileReference; lastKnownFileType = text.plist.xml; path = Info.plist; sourceTree = "<group>"; };
		1188A240208055B200AB4B73 /* LDHAutoLayoutUITests.xctest */ = {isa = PBXFileReference; explicitFileType = wrapper.cfbundle; includeInIndex = 0; path = LDHAutoLayoutUITests.xctest; sourceTree = BUILT_PRODUCTS_DIR; };
		1188A244208055B200AB4B73 /* LDHAutoLayoutUITests.m */ = {isa = PBXFileReference; lastKnownFileType = sourcecode.c.objc; path = LDHAutoLayoutUITests.m; sourceTree = "<group>"; };
		1188A246208055B200AB4B73 /* Info.plist */ = {isa = PBXFileReference; lastKnownFileType = text.plist.xml; path = Info.plist; sourceTree = "<group>"; };
		1188A25320807F5400AB4B73 /* MASCompositeConstraint.h */ = {isa = PBXFileReference; fileEncoding = 4; lastKnownFileType = sourcecode.c.h; path = MASCompositeConstraint.h; sourceTree = "<group>"; };
		1188A25420807F5400AB4B73 /* NSLayoutConstraint+MASDebugAdditions.m */ = {isa = PBXFileReference; fileEncoding = 4; lastKnownFileType = sourcecode.c.objc; path = "NSLayoutConstraint+MASDebugAdditions.m"; sourceTree = "<group>"; };
		1188A25520807F5400AB4B73 /* MASConstraint+Private.h */ = {isa = PBXFileReference; fileEncoding = 4; lastKnownFileType = sourcecode.c.h; path = "MASConstraint+Private.h"; sourceTree = "<group>"; };
		1188A25620807F5400AB4B73 /* MASLayoutConstraint.h */ = {isa = PBXFileReference; fileEncoding = 4; lastKnownFileType = sourcecode.c.h; path = MASLayoutConstraint.h; sourceTree = "<group>"; };
		1188A25720807F5400AB4B73 /* NSArray+MASShorthandAdditions.h */ = {isa = PBXFileReference; fileEncoding = 4; lastKnownFileType = sourcecode.c.h; path = "NSArray+MASShorthandAdditions.h"; sourceTree = "<group>"; };
		1188A25820807F5400AB4B73 /* MASConstraintMaker.h */ = {isa = PBXFileReference; fileEncoding = 4; lastKnownFileType = sourcecode.c.h; path = MASConstraintMaker.h; sourceTree = "<group>"; };
		1188A25920807F5400AB4B73 /* View+MASAdditions.h */ = {isa = PBXFileReference; fileEncoding = 4; lastKnownFileType = sourcecode.c.h; path = "View+MASAdditions.h"; sourceTree = "<group>"; };
		1188A25A20807F5400AB4B73 /* NSArray+MASAdditions.h */ = {isa = PBXFileReference; fileEncoding = 4; lastKnownFileType = sourcecode.c.h; path = "NSArray+MASAdditions.h"; sourceTree = "<group>"; };
		1188A25B20807F5400AB4B73 /* MASUtilities.h */ = {isa = PBXFileReference; fileEncoding = 4; lastKnownFileType = sourcecode.c.h; path = MASUtilities.h; sourceTree = "<group>"; };
		1188A25C20807F5400AB4B73 /* MASViewAttribute.h */ = {isa = PBXFileReference; fileEncoding = 4; lastKnownFileType = sourcecode.c.h; path = MASViewAttribute.h; sourceTree = "<group>"; };
		1188A25D20807F5400AB4B73 /* ViewController+MASAdditions.m */ = {isa = PBXFileReference; fileEncoding = 4; lastKnownFileType = sourcecode.c.objc; path = "ViewController+MASAdditions.m"; sourceTree = "<group>"; };
		1188A25E20807F5400AB4B73 /* MASViewConstraint.h */ = {isa = PBXFileReference; fileEncoding = 4; lastKnownFileType = sourcecode.c.h; path = MASViewConstraint.h; sourceTree = "<group>"; };
		1188A25F20807F5400AB4B73 /* MASConstraint.h */ = {isa = PBXFileReference; fileEncoding = 4; lastKnownFileType = sourcecode.c.h; path = MASConstraint.h; sourceTree = "<group>"; };
		1188A26020807F5400AB4B73 /* NSLayoutConstraint+MASDebugAdditions.h */ = {isa = PBXFileReference; fileEncoding = 4; lastKnownFileType = sourcecode.c.h; path = "NSLayoutConstraint+MASDebugAdditions.h"; sourceTree = "<group>"; };
		1188A26120807F5400AB4B73 /* MASCompositeConstraint.m */ = {isa = PBXFileReference; fileEncoding = 4; lastKnownFileType = sourcecode.c.objc; path = MASCompositeConstraint.m; sourceTree = "<group>"; };
		1188A26220807F5400AB4B73 /* MASConstraintMaker.m */ = {isa = PBXFileReference; fileEncoding = 4; lastKnownFileType = sourcecode.c.objc; path = MASConstraintMaker.m; sourceTree = "<group>"; };
		1188A26320807F5400AB4B73 /* MASLayoutConstraint.m */ = {isa = PBXFileReference; fileEncoding = 4; lastKnownFileType = sourcecode.c.objc; path = MASLayoutConstraint.m; sourceTree = "<group>"; };
		1188A26420807F5400AB4B73 /* NSArray+MASAdditions.m */ = {isa = PBXFileReference; fileEncoding = 4; lastKnownFileType = sourcecode.c.objc; path = "NSArray+MASAdditions.m"; sourceTree = "<group>"; };
		1188A26520807F5400AB4B73 /* View+MASAdditions.m */ = {isa = PBXFileReference; fileEncoding = 4; lastKnownFileType = sourcecode.c.objc; path = "View+MASAdditions.m"; sourceTree = "<group>"; };
		1188A26620807F5400AB4B73 /* View+MASShorthandAdditions.h */ = {isa = PBXFileReference; fileEncoding = 4; lastKnownFileType = sourcecode.c.h; path = "View+MASShorthandAdditions.h"; sourceTree = "<group>"; };
		1188A26720807F5400AB4B73 /* Masonry.h */ = {isa = PBXFileReference; fileEncoding = 4; lastKnownFileType = sourcecode.c.h; path = Masonry.h; sourceTree = "<group>"; };
		1188A26820807F5400AB4B73 /* MASConstraint.m */ = {isa = PBXFileReference; fileEncoding = 4; lastKnownFileType = sourcecode.c.objc; path = MASConstraint.m; sourceTree = "<group>"; };
		1188A26920807F5400AB4B73 /* ViewController+MASAdditions.h */ = {isa = PBXFileReference; fileEncoding = 4; lastKnownFileType = sourcecode.c.h; path = "ViewController+MASAdditions.h"; sourceTree = "<group>"; };
		1188A26A20807F5400AB4B73 /* MASViewConstraint.m */ = {isa = PBXFileReference; fileEncoding = 4; lastKnownFileType = sourcecode.c.objc; path = MASViewConstraint.m; sourceTree = "<group>"; };
		1188A26B20807F5400AB4B73 /* MASViewAttribute.m */ = {isa = PBXFileReference; fileEncoding = 4; lastKnownFileType = sourcecode.c.objc; path = MASViewAttribute.m; sourceTree = "<group>"; };
/* End PBXFileReference section */

/* Begin PBXFrameworksBuildPhase section */
		1188A21A208055B200AB4B73 /* Frameworks */ = {
			isa = PBXFrameworksBuildPhase;
			buildActionMask = 2147483647;
			files = (
			);
			runOnlyForDeploymentPostprocessing = 0;
		};
		1188A232208055B200AB4B73 /* Frameworks */ = {
			isa = PBXFrameworksBuildPhase;
			buildActionMask = 2147483647;
			files = (
			);
			runOnlyForDeploymentPostprocessing = 0;
		};
		1188A23D208055B200AB4B73 /* Frameworks */ = {
			isa = PBXFrameworksBuildPhase;
			buildActionMask = 2147483647;
			files = (
			);
			runOnlyForDeploymentPostprocessing = 0;
		};
/* End PBXFrameworksBuildPhase section */

/* Begin PBXGroup section */
		1188A214208055B200AB4B73 = {
			isa = PBXGroup;
			children = (
				1188A21F208055B200AB4B73 /* LDHAutoLayout */,
				1188A238208055B200AB4B73 /* LDHAutoLayoutTests */,
				1188A243208055B200AB4B73 /* LDHAutoLayoutUITests */,
				1188A21E208055B200AB4B73 /* Products */,
			);
			sourceTree = "<group>";
		};
		1188A21E208055B200AB4B73 /* Products */ = {
			isa = PBXGroup;
			children = (
				1188A21D208055B200AB4B73 /* LDHAutoLayout.app */,
				1188A235208055B200AB4B73 /* LDHAutoLayoutTests.xctest */,
				1188A240208055B200AB4B73 /* LDHAutoLayoutUITests.xctest */,
			);
			name = Products;
			sourceTree = "<group>";
		};
		1188A21F208055B200AB4B73 /* LDHAutoLayout */ = {
			isa = PBXGroup;
			children = (
				1188A25220807F5400AB4B73 /* Masonry */,
				1188A220208055B200AB4B73 /* AppDelegate.h */,
				1188A221208055B200AB4B73 /* AppDelegate.m */,
				1188A223208055B200AB4B73 /* ViewController.h */,
				1188A224208055B200AB4B73 /* ViewController.m */,
				1188A226208055B200AB4B73 /* Main.storyboard */,
				1188A229208055B200AB4B73 /* Assets.xcassets */,
				1188A22B208055B200AB4B73 /* LaunchScreen.storyboard */,
				1188A22E208055B200AB4B73 /* Info.plist */,
				1188A22F208055B200AB4B73 /* main.m */,
			);
			path = LDHAutoLayout;
			sourceTree = "<group>";
		};
		1188A238208055B200AB4B73 /* LDHAutoLayoutTests */ = {
			isa = PBXGroup;
			children = (
				1188A239208055B200AB4B73 /* LDHAutoLayoutTests.m */,
				1188A23B208055B200AB4B73 /* Info.plist */,
			);
			path = LDHAutoLayoutTests;
			sourceTree = "<group>";
		};
		1188A243208055B200AB4B73 /* LDHAutoLayoutUITests */ = {
			isa = PBXGroup;
			children = (
				1188A244208055B200AB4B73 /* LDHAutoLayoutUITests.m */,
				1188A246208055B200AB4B73 /* Info.plist */,
			);
			path = LDHAutoLayoutUITests;
			sourceTree = "<group>";
		};
		1188A25220807F5400AB4B73 /* Masonry */ = {
			isa = PBXGroup;
			children = (
				1188A25320807F5400AB4B73 /* MASCompositeConstraint.h */,
				1188A25420807F5400AB4B73 /* NSLayoutConstraint+MASDebugAdditions.m */,
				1188A25520807F5400AB4B73 /* MASConstraint+Private.h */,
				1188A25620807F5400AB4B73 /* MASLayoutConstraint.h */,
				1188A25720807F5400AB4B73 /* NSArray+MASShorthandAdditions.h */,
				1188A25820807F5400AB4B73 /* MASConstraintMaker.h */,
				1188A25920807F5400AB4B73 /* View+MASAdditions.h */,
				1188A25A20807F5400AB4B73 /* NSArray+MASAdditions.h */,
				1188A25B20807F5400AB4B73 /* MASUtilities.h */,
				1188A25C20807F5400AB4B73 /* MASViewAttribute.h */,
				1188A25D20807F5400AB4B73 /* ViewController+MASAdditions.m */,
				1188A25E20807F5400AB4B73 /* MASViewConstraint.h */,
				1188A25F20807F5400AB4B73 /* MASConstraint.h */,
				1188A26020807F5400AB4B73 /* NSLayoutConstraint+MASDebugAdditions.h */,
				1188A26120807F5400AB4B73 /* MASCompositeConstraint.m */,
				1188A26220807F5400AB4B73 /* MASConstraintMaker.m */,
				1188A26320807F5400AB4B73 /* MASLayoutConstraint.m */,
				1188A26420807F5400AB4B73 /* NSArray+MASAdditions.m */,
				1188A26520807F5400AB4B73 /* View+MASAdditions.m */,
				1188A26620807F5400AB4B73 /* View+MASShorthandAdditions.h */,
				1188A26720807F5400AB4B73 /* Masonry.h */,
				1188A26820807F5400AB4B73 /* MASConstraint.m */,
				1188A26920807F5400AB4B73 /* ViewController+MASAdditions.h */,
				1188A26A20807F5400AB4B73 /* MASViewConstraint.m */,
				1188A26B20807F5400AB4B73 /* MASViewAttribute.m */,
			);
			path = Masonry;
			sourceTree = "<group>";
		};
/* End PBXGroup section */

/* Begin PBXNativeTarget section */
		1188A21C208055B200AB4B73 /* LDHAutoLayout */ = {
			isa = PBXNativeTarget;
			buildConfigurationList = 1188A249208055B200AB4B73 /* Build configuration list for PBXNativeTarget "LDHAutoLayout" */;
			buildPhases = (
				1188A219208055B200AB4B73 /* Sources */,
				1188A21A208055B200AB4B73 /* Frameworks */,
				1188A21B208055B200AB4B73 /* Resources */,
			);
			buildRules = (
			);
			dependencies = (
			);
			name = LDHAutoLayout;
			productName = LDHAutoLayout;
			productReference = 1188A21D208055B200AB4B73 /* LDHAutoLayout.app */;
			productType = "com.apple.product-type.application";
		};
		1188A234208055B200AB4B73 /* LDHAutoLayoutTests */ = {
			isa = PBXNativeTarget;
			buildConfigurationList = 1188A24C208055B200AB4B73 /* Build configuration list for PBXNativeTarget "LDHAutoLayoutTests" */;
			buildPhases = (
				1188A231208055B200AB4B73 /* Sources */,
				1188A232208055B200AB4B73 /* Frameworks */,
				1188A233208055B200AB4B73 /* Resources */,
			);
			buildRules = (
			);
			dependencies = (
				1188A237208055B200AB4B73 /* PBXTargetDependency */,
			);
			name = LDHAutoLayoutTests;
			productName = LDHAutoLayoutTests;
			productReference = 1188A235208055B200AB4B73 /* LDHAutoLayoutTests.xctest */;
			productType = "com.apple.product-type.bundle.unit-test";
		};
		1188A23F208055B200AB4B73 /* LDHAutoLayoutUITests */ = {
			isa = PBXNativeTarget;
			buildConfigurationList = 1188A24F208055B200AB4B73 /* Build configuration list for PBXNativeTarget "LDHAutoLayoutUITests" */;
			buildPhases = (
				1188A23C208055B200AB4B73 /* Sources */,
				1188A23D208055B200AB4B73 /* Frameworks */,
				1188A23E208055B200AB4B73 /* Resources */,
			);
			buildRules = (
			);
			dependencies = (
				1188A242208055B200AB4B73 /* PBXTargetDependency */,
			);
			name = LDHAutoLayoutUITests;
			productName = LDHAutoLayoutUITests;
			productReference = 1188A240208055B200AB4B73 /* LDHAutoLayoutUITests.xctest */;
			productType = "com.apple.product-type.bundle.ui-testing";
		};
/* End PBXNativeTarget section */

/* Begin PBXProject section */
		1188A215208055B200AB4B73 /* Project object */ = {
			isa = PBXProject;
			attributes = {
				LastUpgradeCheck = 0920;
				ORGANIZATIONNAME = lidonghan;
				TargetAttributes = {
					1188A21C208055B200AB4B73 = {
						CreatedOnToolsVersion = 9.2;
						ProvisioningStyle = Automatic;
					};
					1188A234208055B200AB4B73 = {
						CreatedOnToolsVersion = 9.2;
						ProvisioningStyle = Automatic;
						TestTargetID = 1188A21C208055B200AB4B73;
					};
					1188A23F208055B200AB4B73 = {
						CreatedOnToolsVersion = 9.2;
						ProvisioningStyle = Automatic;
						TestTargetID = 1188A21C208055B200AB4B73;
					};
				};
			};
			buildConfigurationList = 1188A218208055B200AB4B73 /* Build configuration list for PBXProject "LDHAutoLayout" */;
			compatibilityVersion = "Xcode 8.0";
			developmentRegion = en;
			hasScannedForEncodings = 0;
			knownRegions = (
				en,
				Base,
			);
			mainGroup = 1188A214208055B200AB4B73;
			productRefGroup = 1188A21E208055B200AB4B73 /* Products */;
			projectDirPath = "";
			projectRoot = "";
			targets = (
				1188A21C208055B200AB4B73 /* LDHAutoLayout */,
				1188A234208055B200AB4B73 /* LDHAutoLayoutTests */,
				1188A23F208055B200AB4B73 /* LDHAutoLayoutUITests */,
			);
		};
/* End PBXProject section */

/* Begin PBXResourcesBuildPhase section */
		1188A21B208055B200AB4B73 /* Resources */ = {
			isa = PBXResourcesBuildPhase;
			buildActionMask = 2147483647;
			files = (
				1188A22D208055B200AB4B73 /* LaunchScreen.storyboard in Resources */,
				1188A22A208055B200AB4B73 /* Assets.xcassets in Resources */,
				1188A228208055B200AB4B73 /* Main.storyboard in Resources */,
			);
			runOnlyForDeploymentPostprocessing = 0;
		};
		1188A233208055B200AB4B73 /* Resources */ = {
			isa = PBXResourcesBuildPhase;
			buildActionMask = 2147483647;
			files = (
			);
			runOnlyForDeploymentPostprocessing = 0;
		};
		1188A23E208055B200AB4B73 /* Resources */ = {
			isa = PBXResourcesBuildPhase;
			buildActionMask = 2147483647;
			files = (
			);
			runOnlyForDeploymentPostprocessing = 0;
		};
/* End PBXResourcesBuildPhase section */

/* Begin PBXSourcesBuildPhase section */
		1188A219208055B200AB4B73 /* Sources */ = {
			isa = PBXSourcesBuildPhase;
			buildActionMask = 2147483647;
			files = (
				1188A27020807F5400AB4B73 /* MASConstraintMaker.m in Sources */,
				1188A225208055B200AB4B73 /* ViewController.m in Sources */,
				1188A26E20807F5400AB4B73 /* ViewController+MASAdditions.m in Sources */,
				1188A27520807F5400AB4B73 /* MASViewConstraint.m in Sources */,
				1188A230208055B200AB4B73 /* main.m in Sources */,
				1188A27120807F5400AB4B73 /* MASLayoutConstraint.m in Sources */,
				1188A27420807F5400AB4B73 /* MASConstraint.m in Sources */,
				1188A27220807F5400AB4B73 /* NSArray+MASAdditions.m in Sources */,
				1188A222208055B200AB4B73 /* AppDelegate.m in Sources */,
				1188A26F20807F5400AB4B73 /* MASCompositeConstraint.m in Sources */,
				1188A27320807F5400AB4B73 /* View+MASAdditions.m in Sources */,
				1188A26D20807F5400AB4B73 /* NSLayoutConstraint+MASDebugAdditions.m in Sources */,
				1188A27620807F5400AB4B73 /* MASViewAttribute.m in Sources */,
			);
			runOnlyForDeploymentPostprocessing = 0;
		};
		1188A231208055B200AB4B73 /* Sources */ = {
			isa = PBXSourcesBuildPhase;
			buildActionMask = 2147483647;
			files = (
				1188A23A208055B200AB4B73 /* LDHAutoLayoutTests.m in Sources */,
			);
			runOnlyForDeploymentPostprocessing = 0;
		};
		1188A23C208055B200AB4B73 /* Sources */ = {
			isa = PBXSourcesBuildPhase;
			buildActionMask = 2147483647;
			files = (
				1188A245208055B200AB4B73 /* LDHAutoLayoutUITests.m in Sources */,
			);
			runOnlyForDeploymentPostprocessing = 0;
		};
/* End PBXSourcesBuildPhase section */

/* Begin PBXTargetDependency section */
		1188A237208055B200AB4B73 /* PBXTargetDependency */ = {
			isa = PBXTargetDependency;
			target = 1188A21C208055B200AB4B73 /* LDHAutoLayout */;
			targetProxy = 1188A236208055B200AB4B73 /* PBXContainerItemProxy */;
		};
		1188A242208055B200AB4B73 /* PBXTargetDependency */ = {
			isa = PBXTargetDependency;
			target = 1188A21C208055B200AB4B73 /* LDHAutoLayout */;
			targetProxy = 1188A241208055B200AB4B73 /* PBXContainerItemProxy */;
		};
/* End PBXTargetDependency section */

/* Begin PBXVariantGroup section */
		1188A226208055B200AB4B73 /* Main.storyboard */ = {
			isa = PBXVariantGroup;
			children = (
				1188A227208055B200AB4B73 /* Base */,
			);
			name = Main.storyboard;
			sourceTree = "<group>";
		};
		1188A22B208055B200AB4B73 /* LaunchScreen.storyboard */ = {
			isa = PBXVariantGroup;
			children = (
				1188A22C208055B200AB4B73 /* Base */,
			);
			name = LaunchScreen.storyboard;
			sourceTree = "<group>";
		};
/* End PBXVariantGroup section */

/* Begin XCBuildConfiguration section */
		1188A247208055B200AB4B73 /* Debug */ = {
			isa = XCBuildConfiguration;
			buildSettings = {
				ALWAYS_SEARCH_USER_PATHS = NO;
				CLANG_ANALYZER_NONNULL = YES;
				CLANG_ANALYZER_NUMBER_OBJECT_CONVERSION = YES_AGGRESSIVE;
				CLANG_CXX_LANGUAGE_STANDARD = "gnu++14";
				CLANG_CXX_LIBRARY = "libc++";
				CLANG_ENABLE_MODULES = YES;
				CLANG_ENABLE_OBJC_ARC = YES;
				CLANG_WARN_BLOCK_CAPTURE_AUTORELEASING = YES;
				CLANG_WARN_BOOL_CONVERSION = YES;
				CLANG_WARN_COMMA = YES;
				CLANG_WARN_CONSTANT_CONVERSION = YES;
				CLANG_WARN_DIRECT_OBJC_ISA_USAGE = YES_ERROR;
				CLANG_WARN_DOCUMENTATION_COMMENTS = YES;
				CLANG_WARN_EMPTY_BODY = YES;
				CLANG_WARN_ENUM_CONVERSION = YES;
				CLANG_WARN_INFINITE_RECURSION = YES;
				CLANG_WARN_INT_CONVERSION = YES;
				CLANG_WARN_NON_LITERAL_NULL_CONVERSION = YES;
				CLANG_WARN_OBJC_LITERAL_CONVERSION = YES;
				CLANG_WARN_OBJC_ROOT_CLASS = YES_ERROR;
				CLANG_WARN_RANGE_LOOP_ANALYSIS = YES;
				CLANG_WARN_STRICT_PROTOTYPES = YES;
				CLANG_WARN_SUSPICIOUS_MOVE = YES;
				CLANG_WARN_UNGUARDED_AVAILABILITY = YES_AGGRESSIVE;
				CLANG_WARN_UNREACHABLE_CODE = YES;
				CLANG_WARN__DUPLICATE_METHOD_MATCH = YES;
				CODE_SIGN_IDENTITY = "iPhone Developer";
				COPY_PHASE_STRIP = NO;
				DEBUG_INFORMATION_FORMAT = dwarf;
				ENABLE_STRICT_OBJC_MSGSEND = YES;
				ENABLE_TESTABILITY = YES;
				GCC_C_LANGUAGE_STANDARD = gnu11;
				GCC_DYNAMIC_NO_PIC = NO;
				GCC_NO_COMMON_BLOCKS = YES;
				GCC_OPTIMIZATION_LEVEL = 0;
				GCC_PREPROCESSOR_DEFINITIONS = (
					"DEBUG=1",
					"$(inherited)",
				);
				GCC_WARN_64_TO_32_BIT_CONVERSION = YES;
				GCC_WARN_ABOUT_RETURN_TYPE = YES_ERROR;
				GCC_WARN_UNDECLARED_SELECTOR = YES;
				GCC_WARN_UNINITIALIZED_AUTOS = YES_AGGRESSIVE;
				GCC_WARN_UNUSED_FUNCTION = YES;
				GCC_WARN_UNUSED_VARIABLE = YES;
				IPHONEOS_DEPLOYMENT_TARGET = 11.2;
				MTL_ENABLE_DEBUG_INFO = YES;
				ONLY_ACTIVE_ARCH = YES;
				SDKROOT = iphoneos;
			};
			name = Debug;
		};
		1188A248208055B200AB4B73 /* Release */ = {
			isa = XCBuildConfiguration;
			buildSettings = {
				ALWAYS_SEARCH_USER_PATHS = NO;
				CLANG_ANALYZER_NONNULL = YES;
				CLANG_ANALYZER_NUMBER_OBJECT_CONVERSION = YES_AGGRESSIVE;
				CLANG_CXX_LANGUAGE_STANDARD = "gnu++14";
				CLANG_CXX_LIBRARY = "libc++";
				CLANG_ENABLE_MODULES = YES;
				CLANG_ENABLE_OBJC_ARC = YES;
				CLANG_WARN_BLOCK_CAPTURE_AUTORELEASING = YES;
				CLANG_WARN_BOOL_CONVERSION = YES;
				CLANG_WARN_COMMA = YES;
				CLANG_WARN_CONSTANT_CONVERSION = YES;
				CLANG_WARN_DIRECT_OBJC_ISA_USAGE = YES_ERROR;
				CLANG_WARN_DOCUMENTATION_COMMENTS = YES;
				CLANG_WARN_EMPTY_BODY = YES;
				CLANG_WARN_ENUM_CONVERSION = YES;
				CLANG_WARN_INFINITE_RECURSION = YES;
				CLANG_WARN_INT_CONVERSION = YES;
				CLANG_WARN_NON_LITERAL_NULL_CONVERSION = YES;
				CLANG_WARN_OBJC_LITERAL_CONVERSION = YES;
				CLANG_WARN_OBJC_ROOT_CLASS = YES_ERROR;
				CLANG_WARN_RANGE_LOOP_ANALYSIS = YES;
				CLANG_WARN_STRICT_PROTOTYPES = YES;
				CLANG_WARN_SUSPICIOUS_MOVE = YES;
				CLANG_WARN_UNGUARDED_AVAILABILITY = YES_AGGRESSIVE;
				CLANG_WARN_UNREACHABLE_CODE = YES;
				CLANG_WARN__DUPLICATE_METHOD_MATCH = YES;
				CODE_SIGN_IDENTITY = "iPhone Developer";
				COPY_PHASE_STRIP = NO;
				DEBUG_INFORMATION_FORMAT = "dwarf-with-dsym";
				ENABLE_NS_ASSERTIONS = NO;
				ENABLE_STRICT_OBJC_MSGSEND = YES;
				GCC_C_LANGUAGE_STANDARD = gnu11;
				GCC_NO_COMMON_BLOCKS = YES;
				GCC_WARN_64_TO_32_BIT_CONVERSION = YES;
				GCC_WARN_ABOUT_RETURN_TYPE = YES_ERROR;
				GCC_WARN_UNDECLARED_SELECTOR = YES;
				GCC_WARN_UNINITIALIZED_AUTOS = YES_AGGRESSIVE;
				GCC_WARN_UNUSED_FUNCTION = YES;
				GCC_WARN_UNUSED_VARIABLE = YES;
				IPHONEOS_DEPLOYMENT_TARGET = 11.2;
				MTL_ENABLE_DEBUG_INFO = NO;
				SDKROOT = iphoneos;
				VALIDATE_PRODUCT = YES;
			};
			name = Release;
		};
		1188A24A208055B200AB4B73 /* Debug */ = {
			isa = XCBuildConfiguration;
			buildSettings = {
				ASSETCATALOG_COMPILER_APPICON_NAME = AppIcon;
				CODE_SIGN_STYLE = Automatic;
				DEVELOPMENT_TEAM = X65PQFQZJR;
				INFOPLIST_FILE = LDHAutoLayout/Info.plist;
				LD_RUNPATH_SEARCH_PATHS = "$(inherited) @executable_path/Frameworks";
				PRODUCT_BUNDLE_IDENTIFIER = geren.LDHAutoLayout;
				PRODUCT_NAME = "$(TARGET_NAME)";
				TARGETED_DEVICE_FAMILY = "1,2";
			};
			name = Debug;
		};
		1188A24B208055B200AB4B73 /* Release */ = {
			isa = XCBuildConfiguration;
			buildSettings = {
				ASSETCATALOG_COMPILER_APPICON_NAME = AppIcon;
				CODE_SIGN_STYLE = Automatic;
				DEVELOPMENT_TEAM = X65PQFQZJR;
				INFOPLIST_FILE = LDHAutoLayout/Info.plist;
				LD_RUNPATH_SEARCH_PATHS = "$(inherited) @executable_path/Frameworks";
				PRODUCT_BUNDLE_IDENTIFIER = geren.LDHAutoLayout;
				PRODUCT_NAME = "$(TARGET_NAME)";
				TARGETED_DEVICE_FAMILY = "1,2";
			};
			name = Release;
		};
		1188A24D208055B200AB4B73 /* Debug */ = {
			isa = XCBuildConfiguration;
			buildSettings = {
				BUNDLE_LOADER = "$(TEST_HOST)";
				CODE_SIGN_STYLE = Automatic;
				DEVELOPMENT_TEAM = X65PQFQZJR;
				INFOPLIST_FILE = LDHAutoLayoutTests/Info.plist;
				LD_RUNPATH_SEARCH_PATHS = "$(inherited) @executable_path/Frameworks @loader_path/Frameworks";
				PRODUCT_BUNDLE_IDENTIFIER = geren.LDHAutoLayoutTests;
				PRODUCT_NAME = "$(TARGET_NAME)";
				TARGETED_DEVICE_FAMILY = "1,2";
				TEST_HOST = "$(BUILT_PRODUCTS_DIR)/LDHAutoLayout.app/LDHAutoLayout";
			};
			name = Debug;
		};
		1188A24E208055B200AB4B73 /* Release */ = {
			isa = XCBuildConfiguration;
			buildSettings = {
				BUNDLE_LOADER = "$(TEST_HOST)";
				CODE_SIGN_STYLE = Automatic;
				DEVELOPMENT_TEAM = X65PQFQZJR;
				INFOPLIST_FILE = LDHAutoLayoutTests/Info.plist;
				LD_RUNPATH_SEARCH_PATHS = "$(inherited) @executable_path/Frameworks @loader_path/Frameworks";
				PRODUCT_BUNDLE_IDENTIFIER = geren.LDHAutoLayoutTests;
				PRODUCT_NAME = "$(TARGET_NAME)";
				TARGETED_DEVICE_FAMILY = "1,2";
				TEST_HOST = "$(BUILT_PRODUCTS_DIR)/LDHAutoLayout.app/LDHAutoLayout";
			};
			name = Release;
		};
		1188A250208055B200AB4B73 /* Debug */ = {
			isa = XCBuildConfiguration;
			buildSettings = {
				CODE_SIGN_STYLE = Automatic;
				DEVELOPMENT_TEAM = X65PQFQZJR;
				INFOPLIST_FILE = LDHAutoLayoutUITests/Info.plist;
				LD_RUNPATH_SEARCH_PATHS = "$(inherited) @executable_path/Frameworks @loader_path/Frameworks";
				PRODUCT_BUNDLE_IDENTIFIER = geren.LDHAutoLayoutUITests;
				PRODUCT_NAME = "$(TARGET_NAME)";
				TARGETED_DEVICE_FAMILY = "1,2";
				TEST_TARGET_NAME = LDHAutoLayout;
			};
			name = Debug;
		};
		1188A251208055B200AB4B73 /* Release */ = {
			isa = XCBuildConfiguration;
			buildSettings = {
				CODE_SIGN_STYLE = Automatic;
				DEVELOPMENT_TEAM = X65PQFQZJR;
				INFOPLIST_FILE = LDHAutoLayoutUITests/Info.plist;
				LD_RUNPATH_SEARCH_PATHS = "$(inherited) @executable_path/Frameworks @loader_path/Frameworks";
				PRODUCT_BUNDLE_IDENTIFIER = geren.LDHAutoLayoutUITests;
				PRODUCT_NAME = "$(TARGET_NAME)";
				TARGETED_DEVICE_FAMILY = "1,2";
				TEST_TARGET_NAME = LDHAutoLayout;
			};
			name = Release;
		};
/* End XCBuildConfiguration section */

/* Begin XCConfigurationList section */
		1188A218208055B200AB4B73 /* Build configuration list for PBXProject "LDHAutoLayout" */ = {
			isa = XCConfigurationList;
			buildConfigurations = (
				1188A247208055B200AB4B73 /* Debug */,
				1188A248208055B200AB4B73 /* Release */,
			);
			defaultConfigurationIsVisible = 0;
			defaultConfigurationName = Debug;
		};
		1188A249208055B200AB4B73 /* Build configuration list for PBXNativeTarget "LDHAutoLayout" */ = {
			isa = XCConfigurationList;
			buildConfigurations = (
				1188A24A208055B200AB4B73 /* Debug */,
				1188A24B208055B200AB4B73 /* Release */,
			);
			defaultConfigurationIsVisible = 0;
			defaultConfigurationName = Debug;
		};
		1188A24C208055B200AB4B73 /* Build configuration list for PBXNativeTarget "LDHAutoLayoutTests" */ = {
			isa = XCConfigurationList;
			buildConfigurations = (
				1188A24D208055B200AB4B73 /* Debug */,
				1188A24E208055B200AB4B73 /* Release */,
			);
			defaultConfigurationIsVisible = 0;
			defaultConfigurationName = Debug;
		};
		1188A24F208055B200AB4B73 /* Build configuration list for PBXNativeTarget "LDHAutoLayoutUITests" */ = {
			isa = XCConfigurationList;
			buildConfigurations = (
				1188A250208055B200AB4B73 /* Debug */,
				1188A251208055B200AB4B73 /* Release */,
			);
			defaultConfigurationIsVisible = 0;
			defaultConfigurationName = Debug;
		};
/* End XCConfigurationList section */
	};
	rootObject = 1188A215208055B200AB4B73 /* Project object */;
}
